PODS:
  - Capacitor (8.5.0):
    - CapacitorCordova
  - CapacitorApp (8.1.1):
    - Capacitor
  - CapacitorBrowser (8.0.4):
    - Capacitor
  - CapacitorCordova (8.5.0)
  - CapacitorHaptics (8.0.2):
    - Capacitor
  - CapacitorKeyboard (8.0.5):
    - Capacitor
  - CapacitorStatusBar (8.0.3):
    - Capacitor

DEPENDENCIES:
  - "Capacitor (from `../../../../node_modules/@capacitor/ios`)"
  - "CapacitorApp (from `../../../../node_modules/@capacitor/app`)"
  - "CapacitorBrowser (from `../../../../node_modules/@capacitor/browser`)"
  - "CapacitorCordova (from `../../../../node_modules/@capacitor/ios`)"
  - "CapacitorHaptics (from `../../../../node_modules/@capacitor/haptics`)"
  - "CapacitorKeyboard (from `../../../../node_modules/@capacitor/keyboard`)"
  - "CapacitorStatusBar (from `../../../../node_modules/@capacitor/status-bar`)"

EXTERNAL SOURCES:
  Capacitor:
    :path: "../../../../node_modules/@capacitor/ios"
  CapacitorApp:
    :path: "../../../../node_modules/@capacitor/app"
  CapacitorBrowser:
    :path: "../../../../node_modules/@capacitor/browser"
  CapacitorCordova:
    :path: "../../../../node_modules/@capacitor/ios"
  CapacitorHaptics:
    :path: "../../../../node_modules/@capacitor/haptics"
  CapacitorKeyboard:
    :path: "../../../../node_modules/@capacitor/keyboard"
  CapacitorStatusBar:
    :path: "../../../../node_modules/@capacitor/status-bar"

SPEC CHECKSUMS:
  Capacitor: 00b87168591cc006ea6f5c0de681ec5c39a2c8eb
  CapacitorApp: 305bd13c44f6f9d164e2ee66a4faa956ed8c0e06
  CapacitorBrowser: 752e0208aa07c7aa63d1f7cde895a3e9519b2656
  CapacitorCordova: 9d3acbb574048e7167d2af127a0af2123e619f2f
  CapacitorHaptics: 296f771ecd89c7a1bd92a7b6826a7d268e2e70f5
  CapacitorKeyboard: b6b0744890cdb1d9a96e2cafcc9253fdcc55de3b
  CapacitorStatusBar: eca7bc2b58d9f886f1ef9edb66e57a9b29c121af

PODFILE CHECKSUM: ac22c78b8df6d271168dc99bcde011dc7edd12ca

COCOAPODS: 1.17.0
